
Microsoft Visual Studio Solution File, Format Version 12.00
# Visual Studio Version 17
VisualStudioVersion = 17.0.31903.59
MinimumVisualStudioVersion = 10.0.40219.1
Project("{FAE04EC0-301F-11D3-BF4B-00C04F79EFBC}") = "PizzaServerApi", "PizzaServerApi\PizzaServerApi.csproj", "{A78ADB62-E0DE-4394-8A9D-DBA7CA46A642}"
EndProject
Global
	GlobalSection(SolutionConfigurationPlatforms) = preSolution
		Debug|Any CPU = Debug|Any CPU
		Release|Any CPU = Release|Any CPU
	EndGlobalSection
	GlobalSection(ProjectConfigurationPlatforms) = postSolution
		{A78ADB62-E0DE-4394-8A9D-DBA7CA46A642}.Debug|Any CPU.ActiveCfg = Debug|Any CPU
		{A78ADB62-E0DE-4394-8A9D-DBA7CA46A642}.Debug|Any CPU.Build.0 = Debug|Any CPU
		{A78ADB62-E0DE-4394-8A9D-DBA7CA46A642}.Release|Any CPU.ActiveCfg = Release|Any CPU
		{A78ADB62-E0DE-4394-8A9D-DBA7CA46A642}.Release|Any CPU.Build.0 = Release|Any CPU
	EndGlobalSection
	GlobalSection(SolutionProperties) = preSolution
		HideSolutionNode = FALSE
	EndGlobalSection
EndGlobal
